// !$*UTF8*$!
{
	archiveVersion = 1;
	classes = {
	};
	objectVersion = 46;
	objects = {

/* Begin PBXBuildFile section */
		13BE3DEE1AC21097009241FE /* RCTSignaturePadManager.m in Sources */ = {isa = PBXBuildFile; fileRef = 13BE3DED1AC21097009241FE /* RCTSignaturePadManager.m */; };
		D84D96671F59E13300E6423D /* Bezier.swift in Sources */ = {isa = PBXBuildFile; fileRef = D84D96661F59E13300E6423D /* Bezier.swift */; };
		D84D966B1F59E43A00E6423D /* Utils.swift in Sources */ = {isa = PBXBuildFile; fileRef = D84D966A1F59E43A00E6423D /* Utils.swift */; };
		D84FB83A1F578D1000C6607D /* SignaturePad.swift in Sources */ = {isa = PBXBuildFile; fileRef = D84FB8391F578D1000C6607D /* SignaturePad.swift */; };
		D84FB83C1F578E0200C6607D /* FrozenCanvas.swift in Sources */ = {isa = PBXBuildFile; fileRef = D84FB83B1F578E0200C6607D /* FrozenCanvas.swift */; };
		D85085BA1F58914600A54A81 /* SignaturePainter.swift in Sources */ = {isa = PBXBuildFile; fileRef = D85085B91F58914600A54A81 /* SignaturePainter.swift */; };
		D85085BC1F5892B700A54A81 /* SimpleSignaturePainter.swift in Sources */ = {isa = PBXBuildFile; fileRef = D85085BB1F5892B700A54A81 /* SimpleSignaturePainter.swift */; };
		D85085C21F589DD700A54A81 /* DebugSignaturePainter.swift in Sources */ = {isa = PBXBuildFile; fileRef = D85085C11F589DD700A54A81 /* DebugSignaturePainter.swift */; };
		D85085C61F58CB5700A54A81 /* SmoothSignaturePainter.swift in Sources */ = {isa = PBXBuildFile; fileRef = D85085C51F58CB5700A54A81 /* SmoothSignaturePainter.swift */; };
		D8C1B0351F5F2CA400053884 /* Utils.m in Sources */ = {isa = PBXBuildFile; fileRef = D8C1B0341F5F2CA400053884 /* Utils.m */; };
		D8C1B03B1F5F2EB900053884 /* Bezier.m in Sources */ = {isa = PBXBuildFile; fileRef = D8C1B03A1F5F2EB900053884 /* Bezier.m */; };
/* End PBXBuildFile section */

/* Begin PBXCopyFilesBuildPhase section */
		58B511D91A9E6C8500147676 /* CopyFiles */ = {
			isa = PBXCopyFilesBuildPhase;
			buildActionMask = 2147483647;
			dstPath = "include/$(PRODUCT_NAME)";
			dstSubfolderSpec = 16;
			files = (
			);
			runOnlyForDeploymentPostprocessing = 0;
		};
/* End PBXCopyFilesBuildPhase section */

/* Begin PBXFileReference section */
		134814201AA4EA6300B7C361 /* libSignaturePad.a */ = {isa = PBXFileReference; explicitFileType = archive.ar; includeInIndex = 0; path = libSignaturePad.a; sourceTree = BUILT_PRODUCTS_DIR; };
		13BE3DEC1AC21097009241FE /* RCTSignaturePadManager.h */ = {isa = PBXFileReference; fileEncoding = 4; lastKnownFileType = sourcecode.c.h; path = RCTSignaturePadManager.h; sourceTree = "<group>"; };
		13BE3DED1AC21097009241FE /* RCTSignaturePadManager.m */ = {isa = PBXFileReference; fileEncoding = 4; lastKnownFileType = sourcecode.c.objc; path = RCTSignaturePadManager.m; sourceTree = "<group>"; };
		D84D96661F59E13300E6423D /* Bezier.swift */ = {isa = PBXFileReference; fileEncoding = 4; lastKnownFileType = sourcecode.swift; path = Bezier.swift; sourceTree = "<group>"; };
		D84D966A1F59E43A00E6423D /* Utils.swift */ = {isa = PBXFileReference; fileEncoding = 4; lastKnownFileType = sourcecode.swift; path = Utils.swift; sourceTree = "<group>"; };
		D84FB8391F578D1000C6607D /* SignaturePad.swift */ = {isa = PBXFileReference; fileEncoding = 4; lastKnownFileType = sourcecode.swift; path = SignaturePad.swift; sourceTree = "<group>"; };
		D84FB83B1F578E0200C6607D /* FrozenCanvas.swift */ = {isa = PBXFileReference; fileEncoding = 4; lastKnownFileType = sourcecode.swift; path = FrozenCanvas.swift; sourceTree = "<group>"; };
		D84FB8861F5792C400C6607D /* AppDelegate.swift */ = {isa = PBXFileReference; lastKnownFileType = sourcecode.swift; path = AppDelegate.swift; sourceTree = "<group>"; };
		D84FB8881F5792C400C6607D /* ViewController.swift */ = {isa = PBXFileReference; lastKnownFileType = sourcecode.swift; path = ViewController.swift; sourceTree = "<group>"; };
		D84FB88B1F5792C400C6607D /* Base */ = {isa = PBXFileReference; lastKnownFileType = file.storyboard; name = Base; path = Base.lproj/Main.storyboard; sourceTree = "<group>"; };
		D84FB88D1F5792C400C6607D /* Assets.xcassets */ = {isa = PBXFileReference; lastKnownFileType = folder.assetcatalog; path = Assets.xcassets; sourceTree = "<group>"; };
		D84FB8901F5792C400C6607D /* Base */ = {isa = PBXFileReference; lastKnownFileType = file.storyboard; name = Base; path = Base.lproj/LaunchScreen.storyboard; sourceTree = "<group>"; };
		D84FB8921F5792C400C6607D /* Info.plist */ = {isa = PBXFileReference; lastKnownFileType = text.plist.xml; path = Info.plist; sourceTree = "<group>"; };
		D85085B91F58914600A54A81 /* SignaturePainter.swift */ = {isa = PBXFileReference; fileEncoding = 4; lastKnownFileType = sourcecode.swift; path = SignaturePainter.swift; sourceTree = "<group>"; };
		D85085BB1F5892B700A54A81 /* SimpleSignaturePainter.swift */ = {isa = PBXFileReference; fileEncoding = 4; lastKnownFileType = sourcecode.swift; path = SimpleSignaturePainter.swift; sourceTree = "<group>"; };
		D85085C11F589DD700A54A81 /* DebugSignaturePainter.swift */ = {isa = PBXFileReference; fileEncoding = 4; lastKnownFileType = sourcecode.swift; path = DebugSignaturePainter.swift; sourceTree = "<group>"; };
		D85085C51F58CB5700A54A81 /* SmoothSignaturePainter.swift */ = {isa = PBXFileReference; fileEncoding = 4; lastKnownFileType = sourcecode.swift; path = SmoothSignaturePainter.swift; sourceTree = "<group>"; };
		D8C1B0331F5F2CA400053884 /* Utils.h */ = {isa = PBXFileReference; fileEncoding = 4; lastKnownFileType = sourcecode.c.h; path = Utils.h; sourceTree = "<group>"; };
		D8C1B0341F5F2CA400053884 /* Utils.m */ = {isa = PBXFileReference; fileEncoding = 4; lastKnownFileType = sourcecode.c.objc; path = Utils.m; sourceTree = "<group>"; };
		D8C1B0391F5F2EB900053884 /* Bezier.h */ = {isa = PBXFileReference; fileEncoding = 4; lastKnownFileType = sourcecode.c.h; path = Bezier.h; sourceTree = "<group>"; };
		D8C1B03A1F5F2EB900053884 /* Bezier.m */ = {isa = PBXFileReference; fileEncoding = 4; lastKnownFileType = sourcecode.c.objc; path = Bezier.m; sourceTree = "<group>"; };
/* End PBXFileReference section */

/* Begin PBXFrameworksBuildPhase section */
		58B511D81A9E6C8500147676 /* Frameworks */ = {
			isa = PBXFrameworksBuildPhase;
			buildActionMask = 2147483647;
			files = (
			);
			runOnlyForDeploymentPostprocessing = 0;
		};
/* End PBXFrameworksBuildPhase section */

/* Begin PBXGroup section */
		134814211AA4EA7D00B7C361 /* Products */ = {
			isa = PBXGroup;
			children = (
				134814201AA4EA6300B7C361 /* libSignaturePad.a */,
			);
			name = Products;
			sourceTree = "<group>";
		};
		58B511D21A9E6C8500147676 = {
			isa = PBXGroup;
			children = (
				D8C1B0331F5F2CA400053884 /* Utils.h */,
				D8C1B0341F5F2CA400053884 /* Utils.m */,
				D8C1B0391F5F2EB900053884 /* Bezier.h */,
				D8C1B03A1F5F2EB900053884 /* Bezier.m */,
				D84D966A1F59E43A00E6423D /* Utils.swift */,
				D84D96661F59E13300E6423D /* Bezier.swift */,
				D85085B91F58914600A54A81 /* SignaturePainter.swift */,
				D85085C11F589DD700A54A81 /* DebugSignaturePainter.swift */,
				D85085BB1F5892B700A54A81 /* SimpleSignaturePainter.swift */,
				D85085C51F58CB5700A54A81 /* SmoothSignaturePainter.swift */,
				D84FB83B1F578E0200C6607D /* FrozenCanvas.swift */,
				D84FB8391F578D1000C6607D /* SignaturePad.swift */,
				13BE3DEC1AC21097009241FE /* RCTSignaturePadManager.h */,
				13BE3DED1AC21097009241FE /* RCTSignaturePadManager.m */,
				D84FB8851F5792C400C6607D /* SignaturePadApp */,
				134814211AA4EA7D00B7C361 /* Products */,
			);
			indentWidth = 4;
			sourceTree = "<group>";
			tabWidth = 4;
		};
		D84FB8851F5792C400C6607D /* SignaturePadApp */ = {
			isa = PBXGroup;
			children = (
				D84FB8861F5792C400C6607D /* AppDelegate.swift */,
				D84FB8881F5792C400C6607D /* ViewController.swift */,
				D84FB88A1F5792C400C6607D /* Main.storyboard */,
				D84FB88D1F5792C400C6607D /* Assets.xcassets */,
				D84FB88F1F5792C400C6607D /* LaunchScreen.storyboard */,
				D84FB8921F5792C400C6607D /* Info.plist */,
			);
			path = SignaturePadApp;
			sourceTree = "<group>";
		};
/* End PBXGroup section */

/* Begin PBXNativeTarget section */
		58B511DA1A9E6C8500147676 /* SignaturePad */ = {
			isa = PBXNativeTarget;
			buildConfigurationList = 58B511EF1A9E6C8500147676 /* Build configuration list for PBXNativeTarget "SignaturePad" */;
			buildPhases = (
				58B511D71A9E6C8500147676 /* Sources */,
				58B511D81A9E6C8500147676 /* Frameworks */,
				58B511D91A9E6C8500147676 /* CopyFiles */,
			);
			buildRules = (
			);
			dependencies = (
			);
			name = SignaturePad;
			productName = RCTDataManager;
			productReference = 134814201AA4EA6300B7C361 /* libSignaturePad.a */;
			productType = "com.apple.product-type.library.static";
		};
/* End PBXNativeTarget section */

/* Begin PBXProject section */
		58B511D31A9E6C8500147676 /* Project object */ = {
			isa = PBXProject;
			attributes = {
				LastSwiftUpdateCheck = 0830;
				LastUpgradeCheck = 0610;
				ORGANIZATIONNAME = Envoy;
				TargetAttributes = {
					58B511DA1A9E6C8500147676 = {
						CreatedOnToolsVersion = 6.1.1;
						LastSwiftMigration = 0830;
					};
				};
			};
			buildConfigurationList = 58B511D61A9E6C8500147676 /* Build configuration list for PBXProject "SignaturePad" */;
			compatibilityVersion = "Xcode 3.2";
			developmentRegion = English;
			hasScannedForEncodings = 0;
			knownRegions = (
				en,
				Base,
			);
			mainGroup = 58B511D21A9E6C8500147676;
			productRefGroup = 58B511D21A9E6C8500147676;
			projectDirPath = "";
			projectRoot = "";
			targets = (
				58B511DA1A9E6C8500147676 /* SignaturePad */,
			);
		};
/* End PBXProject section */

/* Begin PBXSourcesBuildPhase section */
		58B511D71A9E6C8500147676 /* Sources */ = {
			isa = PBXSourcesBuildPhase;
			buildActionMask = 2147483647;
			files = (
				D84D96671F59E13300E6423D /* Bezier.swift in Sources */,
				D8C1B0351F5F2CA400053884 /* Utils.m in Sources */,
				D85085C61F58CB5700A54A81 /* SmoothSignaturePainter.swift in Sources */,
				D84D966B1F59E43A00E6423D /* Utils.swift in Sources */,
				D85085C21F589DD700A54A81 /* DebugSignaturePainter.swift in Sources */,
				D84FB83A1F578D1000C6607D /* SignaturePad.swift in Sources */,
				D8C1B03B1F5F2EB900053884 /* Bezier.m in Sources */,
				D84FB83C1F578E0200C6607D /* FrozenCanvas.swift in Sources */,
				D85085BC1F5892B700A54A81 /* SimpleSignaturePainter.swift in Sources */,
				D85085BA1F58914600A54A81 /* SignaturePainter.swift in Sources */,
				13BE3DEE1AC21097009241FE /* RCTSignaturePadManager.m in Sources */,
			);
			runOnlyForDeploymentPostprocessing = 0;
		};
/* End PBXSourcesBuildPhase section */

/* Begin PBXVariantGroup section */
		D84FB88A1F5792C400C6607D /* Main.storyboard */ = {
			isa = PBXVariantGroup;
			children = (
				D84FB88B1F5792C400C6607D /* Base */,
			);
			name = Main.storyboard;
			sourceTree = "<group>";
		};
		D84FB88F1F5792C400C6607D /* LaunchScreen.storyboard */ = {
			isa = PBXVariantGroup;
			children = (
				D84FB8901F5792C400C6607D /* Base */,
			);
			name = LaunchScreen.storyboard;
			sourceTree = "<group>";
		};
/* End PBXVariantGroup section */

/* Begin XCBuildConfiguration section */
		58B511ED1A9E6C8500147676 /* Debug */ = {
			isa = XCBuildConfiguration;
			buildSettings = {
				ALWAYS_SEARCH_USER_PATHS = NO;
				CLANG_CXX_LANGUAGE_STANDARD = "gnu++0x";
				CLANG_CXX_LIBRARY = "libc++";
				CLANG_ENABLE_MODULES = YES;
				CLANG_ENABLE_OBJC_ARC = YES;
				CLANG_WARN_BOOL_CONVERSION = YES;
				CLANG_WARN_CONSTANT_CONVERSION = YES;
				CLANG_WARN_DIRECT_OBJC_ISA_USAGE = YES_ERROR;
				CLANG_WARN_EMPTY_BODY = YES;
				CLANG_WARN_ENUM_CONVERSION = YES;
				CLANG_WARN_INT_CONVERSION = YES;
				CLANG_WARN_OBJC_ROOT_CLASS = YES_ERROR;
				CLANG_WARN_UNREACHABLE_CODE = YES;
				CLANG_WARN__DUPLICATE_METHOD_MATCH = YES;
				COPY_PHASE_STRIP = NO;
				ENABLE_STRICT_OBJC_MSGSEND = YES;
				GCC_C_LANGUAGE_STANDARD = gnu99;
				GCC_DYNAMIC_NO_PIC = NO;
				GCC_OPTIMIZATION_LEVEL = 0;
				GCC_PREPROCESSOR_DEFINITIONS = (
					"DEBUG=1",
					"$(inherited)",
				);
				GCC_SYMBOLS_PRIVATE_EXTERN = NO;
				GCC_WARN_64_TO_32_BIT_CONVERSION = YES;
				GCC_WARN_ABOUT_RETURN_TYPE = YES_ERROR;
				GCC_WARN_UNDECLARED_SELECTOR = YES;
				GCC_WARN_UNINITIALIZED_AUTOS = YES_AGGRESSIVE;
				GCC_WARN_UNUSED_FUNCTION = YES;
				GCC_WARN_UNUSED_VARIABLE = YES;
				IPHONEOS_DEPLOYMENT_TARGET = 8.0;
				MTL_ENABLE_DEBUG_INFO = YES;
				ONLY_ACTIVE_ARCH = YES;
				SDKROOT = iphoneos;
			};
			name = Debug;
		};
		58B511EE1A9E6C8500147676 /* Release */ = {
			isa = XCBuildConfiguration;
			buildSettings = {
				ALWAYS_SEARCH_USER_PATHS = NO;
				CLANG_CXX_LANGUAGE_STANDARD = "gnu++0x";
				CLANG_CXX_LIBRARY = "libc++";
				CLANG_ENABLE_MODULES = YES;
				CLANG_ENABLE_OBJC_ARC = YES;
				CLANG_WARN_BOOL_CONVERSION = YES;
				CLANG_WARN_CONSTANT_CONVERSION = YES;
				CLANG_WARN_DIRECT_OBJC_ISA_USAGE = YES_ERROR;
				CLANG_WARN_EMPTY_BODY = YES;
				CLANG_WARN_ENUM_CONVERSION = YES;
				CLANG_WARN_INT_CONVERSION = YES;
				CLANG_WARN_OBJC_ROOT_CLASS = YES_ERROR;
				CLANG_WARN_UNREACHABLE_CODE = YES;
				CLANG_WARN__DUPLICATE_METHOD_MATCH = YES;
				COPY_PHASE_STRIP = YES;
				ENABLE_NS_ASSERTIONS = NO;
				ENABLE_STRICT_OBJC_MSGSEND = YES;
				GCC_C_LANGUAGE_STANDARD = gnu99;
				GCC_WARN_64_TO_32_BIT_CONVERSION = YES;
				GCC_WARN_ABOUT_RETURN_TYPE = YES_ERROR;
				GCC_WARN_UNDECLARED_SELECTOR = YES;
				GCC_WARN_UNINITIALIZED_AUTOS = YES_AGGRESSIVE;
				GCC_WARN_UNUSED_FUNCTION = YES;
				GCC_WARN_UNUSED_VARIABLE = YES;
				IPHONEOS_DEPLOYMENT_TARGET = 8.0;
				MTL_ENABLE_DEBUG_INFO = NO;
				SDKROOT = iphoneos;
				VALIDATE_PRODUCT = YES;
			};
			name = Release;
		};
		58B511F01A9E6C8500147676 /* Debug */ = {
			isa = XCBuildConfiguration;
			buildSettings = {
				CLANG_ENABLE_MODULES = YES;
				HEADER_SEARCH_PATHS = (
					"$(inherited)",
					/Applications/Xcode.app/Contents/Developer/Toolchains/XcodeDefault.xctoolchain/usr/include,
					"$(SRCROOT)/../../React/**",
					"$(SRCROOT)/../../node_modules/react-native/React/**",
				);
				LD_RUNPATH_SEARCH_PATHS = "$(inherited) @executable_path/Frameworks @loader_path/Frameworks";
				LIBRARY_SEARCH_PATHS = "$(inherited)";
				OTHER_LDFLAGS = "-ObjC";
				PRODUCT_NAME = SignaturePad;
				SKIP_INSTALL = YES;
				SWIFT_OPTIMIZATION_LEVEL = "-Onone";
				SWIFT_VERSION = 3.0;
			};
			name = Debug;
		};
		58B511F11A9E6C8500147676 /* Release */ = {
			isa = XCBuildConfiguration;
			buildSettings = {
				CLANG_ENABLE_MODULES = YES;
				HEADER_SEARCH_PATHS = (
					"$(inherited)",
					/Applications/Xcode.app/Contents/Developer/Toolchains/XcodeDefault.xctoolchain/usr/include,
					"$(SRCROOT)/../../React/**",
				);
				LD_RUNPATH_SEARCH_PATHS = "$(inherited) @executable_path/Frameworks @loader_path/Frameworks";
				LIBRARY_SEARCH_PATHS = "$(inherited)";
				OTHER_LDFLAGS = "-ObjC";
				PRODUCT_NAME = SignaturePad;
				SKIP_INSTALL = YES;
				SWIFT_VERSION = 3.0;
			};
			name = Release;
		};
/* End XCBuildConfiguration section */

/* Begin XCConfigurationList section */
		58B511D61A9E6C8500147676 /* Build configuration list for PBXProject "SignaturePad" */ = {
			isa = XCConfigurationList;
			buildConfigurations = (
				58B511ED1A9E6C8500147676 /* Debug */,
				58B511EE1A9E6C8500147676 /* Release */,
			);
			defaultConfigurationIsVisible = 0;
			defaultConfigurationName = Release;
		};
		58B511EF1A9E6C8500147676 /* Build configuration list for PBXNativeTarget "SignaturePad" */ = {
			isa = XCConfigurationList;
			buildConfigurations = (
				58B511F01A9E6C8500147676 /* Debug */,
				58B511F11A9E6C8500147676 /* Release */,
			);
			defaultConfigurationIsVisible = 0;
			defaultConfigurationName = Release;
		};
/* End XCConfigurationList section */
	};
	rootObject = 58B511D31A9E6C8500147676 /* Project object */;
}
