// !$*UTF8*$!
{
	archiveVersion = 1;
	classes = {
	};
	objectVersion = 46;
	objects = {

/* Begin PBXBuildFile section */
		D84FB86F1F57925700C6607D /* AppDelegate.swift in Sources */ = {isa = PBXBuildFile; fileRef = D84FB86E1F57925700C6607D /* AppDelegate.swift */; };
		D84FB8711F57925700C6607D /* ViewController.swift in Sources */ = {isa = PBXBuildFile; fileRef = D84FB8701F57925700C6607D /* ViewController.swift */; };
		D84FB8741F57925700C6607D /* Main.storyboard in Resources */ = {isa = PBXBuildFile; fileRef = D84FB8721F57925700C6607D /* Main.storyboard */; };
		D84FB8761F57925700C6607D /* Assets.xcassets in Resources */ = {isa = PBXBuildFile; fileRef = D84FB8751F57925700C6607D /* Assets.xcassets */; };
		D84FB8791F57925700C6607D /* LaunchScreen.storyboard in Resources */ = {isa = PBXBuildFile; fileRef = D84FB8771F57925700C6607D /* LaunchScreen.storyboard */; };
		D84FB89A1F57930700C6607D /* FrozenCanvas.swift in Sources */ = {isa = PBXBuildFile; fileRef = D84FB8981F57930700C6607D /* FrozenCanvas.swift */; };
		D84FB89B1F57930700C6607D /* SignaturePad.swift in Sources */ = {isa = PBXBuildFile; fileRef = D84FB8991F57930700C6607D /* SignaturePad.swift */; };
/* End PBXBuildFile section */

/* Begin PBXFileReference section */
		D84FB86B1F57925700C6607D /* SignaturePadApp.app */ = {isa = PBXFileReference; explicitFileType = wrapper.application; includeInIndex = 0; path = SignaturePadApp.app; sourceTree = BUILT_PRODUCTS_DIR; };
		D84FB86E1F57925700C6607D /* AppDelegate.swift */ = {isa = PBXFileReference; lastKnownFileType = sourcecode.swift; path = AppDelegate.swift; sourceTree = "<group>"; };
		D84FB8701F57925700C6607D /* ViewController.swift */ = {isa = PBXFileReference; lastKnownFileType = sourcecode.swift; path = ViewController.swift; sourceTree = "<group>"; };
		D84FB8731F57925700C6607D /* Base */ = {isa = PBXFileReference; lastKnownFileType = file.storyboard; name = Base; path = Base.lproj/Main.storyboard; sourceTree = "<group>"; };
		D84FB8751F57925700C6607D /* Assets.xcassets */ = {isa = PBXFileReference; lastKnownFileType = folder.assetcatalog; path = Assets.xcassets; sourceTree = "<group>"; };
		D84FB8781F57925700C6607D /* Base */ = {isa = PBXFileReference; lastKnownFileType = file.storyboard; name = Base; path = Base.lproj/LaunchScreen.storyboard; sourceTree = "<group>"; };
		D84FB87A1F57925700C6607D /* Info.plist */ = {isa = PBXFileReference; lastKnownFileType = text.plist.xml; path = Info.plist; sourceTree = "<group>"; };
		D84FB8981F57930700C6607D /* FrozenCanvas.swift */ = {isa = PBXFileReference; fileEncoding = 4; lastKnownFileType = sourcecode.swift; name = FrozenCanvas.swift; path = ../../FrozenCanvas.swift; sourceTree = "<group>"; };
		D84FB8991F57930700C6607D /* SignaturePad.swift */ = {isa = PBXFileReference; fileEncoding = 4; lastKnownFileType = sourcecode.swift; name = SignaturePad.swift; path = ../../SignaturePad.swift; sourceTree = "<group>"; };
/* End PBXFileReference section */

/* Begin PBXFrameworksBuildPhase section */
		D84FB8681F57925700C6607D /* Frameworks */ = {
			isa = PBXFrameworksBuildPhase;
			buildActionMask = 2147483647;
			files = (
			);
			runOnlyForDeploymentPostprocessing = 0;
		};
/* End PBXFrameworksBuildPhase section */

/* Begin PBXGroup section */
		D84FB8621F57925700C6607D = {
			isa = PBXGroup;
			children = (
				D84FB86D1F57925700C6607D /* SignaturePadApp */,
				D84FB86C1F57925700C6607D /* Products */,
			);
			sourceTree = "<group>";
		};
		D84FB86C1F57925700C6607D /* Products */ = {
			isa = PBXGroup;
			children = (
				D84FB86B1F57925700C6607D /* SignaturePadApp.app */,
			);
			name = Products;
			sourceTree = "<group>";
		};
		D84FB86D1F57925700C6607D /* SignaturePadApp */ = {
			isa = PBXGroup;
			children = (
				D84FB86E1F57925700C6607D /* AppDelegate.swift */,
				D84FB8701F57925700C6607D /* ViewController.swift */,
				D84FB8981F57930700C6607D /* FrozenCanvas.swift */,
				D84FB8991F57930700C6607D /* SignaturePad.swift */,
				D84FB8721F57925700C6607D /* Main.storyboard */,
				D84FB8751F57925700C6607D /* Assets.xcassets */,
				D84FB8771F57925700C6607D /* LaunchScreen.storyboard */,
				D84FB87A1F57925700C6607D /* Info.plist */,
			);
			path = SignaturePadApp;
			sourceTree = "<group>";
		};
/* End PBXGroup section */

/* Begin PBXNativeTarget section */
		D84FB86A1F57925700C6607D /* SignaturePadApp */ = {
			isa = PBXNativeTarget;
			buildConfigurationList = D84FB87D1F57925700C6607D /* Build configuration list for PBXNativeTarget "SignaturePadApp" */;
			buildPhases = (
				D84FB8671F57925700C6607D /* Sources */,
				D84FB8681F57925700C6607D /* Frameworks */,
				D84FB8691F57925700C6607D /* Resources */,
			);
			buildRules = (
			);
			dependencies = (
			);
			name = SignaturePadApp;
			productName = SignaturePadApp;
			productReference = D84FB86B1F57925700C6607D /* SignaturePadApp.app */;
			productType = "com.apple.product-type.application";
		};
/* End PBXNativeTarget section */

/* Begin PBXProject section */
		D84FB8631F57925700C6607D /* Project object */ = {
			isa = PBXProject;
			attributes = {
				LastSwiftUpdateCheck = 0830;
				LastUpgradeCheck = 0830;
				ORGANIZATIONNAME = Envoy;
				TargetAttributes = {
					D84FB86A1F57925700C6607D = {
						CreatedOnToolsVersion = 8.3.3;
						DevelopmentTeam = APW3HP5W5M;
						ProvisioningStyle = Automatic;
					};
				};
			};
			buildConfigurationList = D84FB8661F57925700C6607D /* Build configuration list for PBXProject "SignaturePadApp" */;
			compatibilityVersion = "Xcode 3.2";
			developmentRegion = English;
			hasScannedForEncodings = 0;
			knownRegions = (
				en,
				Base,
			);
			mainGroup = D84FB8621F57925700C6607D;
			productRefGroup = D84FB86C1F57925700C6607D /* Products */;
			projectDirPath = "";
			projectRoot = "";
			targets = (
				D84FB86A1F57925700C6607D /* SignaturePadApp */,
			);
		};
/* End PBXProject section */

/* Begin PBXResourcesBuildPhase section */
		D84FB8691F57925700C6607D /* Resources */ = {
			isa = PBXResourcesBuildPhase;
			buildActionMask = 2147483647;
			files = (
				D84FB8791F57925700C6607D /* LaunchScreen.storyboard in Resources */,
				D84FB8761F57925700C6607D /* Assets.xcassets in Resources */,
				D84FB8741F57925700C6607D /* Main.storyboard in Resources */,
			);
			runOnlyForDeploymentPostprocessing = 0;
		};
/* End PBXResourcesBuildPhase section */

/* Begin PBXSourcesBuildPhase section */
		D84FB8671F57925700C6607D /* Sources */ = {
			isa = PBXSourcesBuildPhase;
			buildActionMask = 2147483647;
			files = (
				D84FB89B1F57930700C6607D /* SignaturePad.swift in Sources */,
				D84FB89A1F57930700C6607D /* FrozenCanvas.swift in Sources */,
				D84FB8711F57925700C6607D /* ViewController.swift in Sources */,
				D84FB86F1F57925700C6607D /* AppDelegate.swift in Sources */,
			);
			runOnlyForDeploymentPostprocessing = 0;
		};
/* End PBXSourcesBuildPhase section */

/* Begin PBXVariantGroup section */
		D84FB8721F57925700C6607D /* Main.storyboard */ = {
			isa = PBXVariantGroup;
			children = (
				D84FB8731F57925700C6607D /* Base */,
			);
			name = Main.storyboard;
			sourceTree = "<group>";
		};
		D84FB8771F57925700C6607D /* LaunchScreen.storyboard */ = {
			isa = PBXVariantGroup;
			children = (
				D84FB8781F57925700C6607D /* Base */,
			);
			name = LaunchScreen.storyboard;
			sourceTree = "<group>";
		};
/* End PBXVariantGroup section */

/* Begin XCBuildConfiguration section */
		D84FB87B1F57925700C6607D /* Debug */ = {
			isa = XCBuildConfiguration;
			buildSettings = {
				ALWAYS_SEARCH_USER_PATHS = NO;
				CLANG_ANALYZER_NONNULL = YES;
				CLANG_ANALYZER_NUMBER_OBJECT_CONVERSION = YES_AGGRESSIVE;
				CLANG_CXX_LANGUAGE_STANDARD = "gnu++0x";
				CLANG_CXX_LIBRARY = "libc++";
				CLANG_ENABLE_MODULES = YES;
				CLANG_ENABLE_OBJC_ARC = YES;
				CLANG_WARN_BOOL_CONVERSION = YES;
				CLANG_WARN_CONSTANT_CONVERSION = YES;
				CLANG_WARN_DIRECT_OBJC_ISA_USAGE = YES_ERROR;
				CLANG_WARN_DOCUMENTATION_COMMENTS = YES;
				CLANG_WARN_EMPTY_BODY = YES;
				CLANG_WARN_ENUM_CONVERSION = YES;
				CLANG_WARN_INFINITE_RECURSION = YES;
				CLANG_WARN_INT_CONVERSION = YES;
				CLANG_WARN_OBJC_ROOT_CLASS = YES_ERROR;
				CLANG_WARN_SUSPICIOUS_MOVE = YES;
				CLANG_WARN_UNREACHABLE_CODE = YES;
				CLANG_WARN__DUPLICATE_METHOD_MATCH = YES;
				"CODE_SIGN_IDENTITY[sdk=iphoneos*]" = "iPhone Developer";
				COPY_PHASE_STRIP = NO;
				DEBUG_INFORMATION_FORMAT = dwarf;
				ENABLE_STRICT_OBJC_MSGSEND = YES;
				ENABLE_TESTABILITY = YES;
				GCC_C_LANGUAGE_STANDARD = gnu99;
				GCC_DYNAMIC_NO_PIC = NO;
				GCC_NO_COMMON_BLOCKS = YES;
				GCC_OPTIMIZATION_LEVEL = 0;
				GCC_PREPROCESSOR_DEFINITIONS = (
					"DEBUG=1",
					"$(inherited)",
				);
				GCC_WARN_64_TO_32_BIT_CONVERSION = YES;
				GCC_WARN_ABOUT_RETURN_TYPE = YES_ERROR;
				GCC_WARN_UNDECLARED_SELECTOR = YES;
				GCC_WARN_UNINITIALIZED_AUTOS = YES_AGGRESSIVE;
				GCC_WARN_UNUSED_FUNCTION = YES;
				GCC_WARN_UNUSED_VARIABLE = YES;
				IPHONEOS_DEPLOYMENT_TARGET = 10.3;
				MTL_ENABLE_DEBUG_INFO = YES;
				ONLY_ACTIVE_ARCH = YES;
				SDKROOT = iphoneos;
				SWIFT_ACTIVE_COMPILATION_CONDITIONS = DEBUG;
				SWIFT_OPTIMIZATION_LEVEL = "-Onone";
				TARGETED_DEVICE_FAMILY = 2;
			};
			name = Debug;
		};
		D84FB87C1F57925700C6607D /* Release */ = {
			isa = XCBuildConfiguration;
			buildSettings = {
				ALWAYS_SEARCH_USER_PATHS = NO;
				CLANG_ANALYZER_NONNULL = YES;
				CLANG_ANALYZER_NUMBER_OBJECT_CONVERSION = YES_AGGRESSIVE;
				CLANG_CXX_LANGUAGE_STANDARD = "gnu++0x";
				CLANG_CXX_LIBRARY = "libc++";
				CLANG_ENABLE_MODULES = YES;
				CLANG_ENABLE_OBJC_ARC = YES;
				CLANG_WARN_BOOL_CONVERSION = YES;
				CLANG_WARN_CONSTANT_CONVERSION = YES;
				CLANG_WARN_DIRECT_OBJC_ISA_USAGE = YES_ERROR;
				CLANG_WARN_DOCUMENTATION_COMMENTS = YES;
				CLANG_WARN_EMPTY_BODY = YES;
				CLANG_WARN_ENUM_CONVERSION = YES;
				CLANG_WARN_INFINITE_RECURSION = YES;
				CLANG_WARN_INT_CONVERSION = YES;
				CLANG_WARN_OBJC_ROOT_CLASS = YES_ERROR;
				CLANG_WARN_SUSPICIOUS_MOVE = YES;
				CLANG_WARN_UNREACHABLE_CODE = YES;
				CLANG_WARN__DUPLICATE_METHOD_MATCH = YES;
				"CODE_SIGN_IDENTITY[sdk=iphoneos*]" = "iPhone Developer";
				COPY_PHASE_STRIP = NO;
				DEBUG_INFORMATION_FORMAT = "dwarf-with-dsym";
				ENABLE_NS_ASSERTIONS = NO;
				ENABLE_STRICT_OBJC_MSGSEND = YES;
				GCC_C_LANGUAGE_STANDARD = gnu99;
				GCC_NO_COMMON_BLOCKS = YES;
				GCC_WARN_64_TO_32_BIT_CONVERSION = YES;
				GCC_WARN_ABOUT_RETURN_TYPE = YES_ERROR;
				GCC_WARN_UNDECLARED_SELECTOR = YES;
				GCC_WARN_UNINITIALIZED_AUTOS = YES_AGGRESSIVE;
				GCC_WARN_UNUSED_FUNCTION = YES;
				GCC_WARN_UNUSED_VARIABLE = YES;
				IPHONEOS_DEPLOYMENT_TARGET = 10.3;
				MTL_ENABLE_DEBUG_INFO = NO;
				SDKROOT = iphoneos;
				SWIFT_OPTIMIZATION_LEVEL = "-Owholemodule";
				TARGETED_DEVICE_FAMILY = 2;
				VALIDATE_PRODUCT = YES;
			};
			name = Release;
		};
		D84FB87E1F57925700C6607D /* Debug */ = {
			isa = XCBuildConfiguration;
			buildSettings = {
				ASSETCATALOG_COMPILER_APPICON_NAME = AppIcon;
				DEVELOPMENT_TEAM = APW3HP5W5M;
				INFOPLIST_FILE = SignaturePadApp/Info.plist;
				LD_RUNPATH_SEARCH_PATHS = "$(inherited) @executable_path/Frameworks";
				PRODUCT_BUNDLE_IDENTIFIER = com.envoy.SignaturePadApp;
				PRODUCT_NAME = "$(TARGET_NAME)";
				SWIFT_VERSION = 3.0;
			};
			name = Debug;
		};
		D84FB87F1F57925700C6607D /* Release */ = {
			isa = XCBuildConfiguration;
			buildSettings = {
				ASSETCATALOG_COMPILER_APPICON_NAME = AppIcon;
				DEVELOPMENT_TEAM = APW3HP5W5M;
				INFOPLIST_FILE = SignaturePadApp/Info.plist;
				LD_RUNPATH_SEARCH_PATHS = "$(inherited) @executable_path/Frameworks";
				PRODUCT_BUNDLE_IDENTIFIER = com.envoy.SignaturePadApp;
				PRODUCT_NAME = "$(TARGET_NAME)";
				SWIFT_VERSION = 3.0;
			};
			name = Release;
		};
/* End XCBuildConfiguration section */

/* Begin XCConfigurationList section */
		D84FB8661F57925700C6607D /* Build configuration list for PBXProject "SignaturePadApp" */ = {
			isa = XCConfigurationList;
			buildConfigurations = (
				D84FB87B1F57925700C6607D /* Debug */,
				D84FB87C1F57925700C6607D /* Release */,
			);
			defaultConfigurationIsVisible = 0;
			defaultConfigurationName = Release;
		};
		D84FB87D1F57925700C6607D /* Build configuration list for PBXNativeTarget "SignaturePadApp" */ = {
			isa = XCConfigurationList;
			buildConfigurations = (
				D84FB87E1F57925700C6607D /* Debug */,
				D84FB87F1F57925700C6607D /* Release */,
			);
			defaultConfigurationIsVisible = 0;
		};
/* End XCConfigurationList section */
	};
	rootObject = D84FB8631F57925700C6607D /* Project object */;
}
